
Microsoft Visual Studio Solution File, Format Version 12.00
# Visual Studio 2012
Project("{F184B08F-C81C-45F6-A57F-5ABD9991F28F}") = "Intelli_Fleet_Web", "Intelli_Fleet_Web\Intelli_Fleet_Web.vbproj", "{FEAE5213-A07D-4D1D-BA8F-63A55EEBE642}"
EndProject
Global
	GlobalSection(SolutionConfigurationPlatforms) = preSolution
		Debug|Any CPU = Debug|Any CPU
		Release|Any CPU = Release|Any CPU
	EndGlobalSection
	GlobalSection(ProjectConfigurationPlatforms) = postSolution
		{FEAE5213-A07D-4D1D-BA8F-63A55EEBE642}.Debug|Any CPU.ActiveCfg = Debug|Any CPU
		{FEAE5213-A07D-4D1D-BA8F-63A55EEBE642}.Debug|Any CPU.Build.0 = Debug|Any CPU
		{FEAE5213-A07D-4D1D-BA8F-63A55EEBE642}.Release|Any CPU.ActiveCfg = Release|Any CPU
		{FEAE5213-A07D-4D1D-BA8F-63A55EEBE642}.Release|Any CPU.Build.0 = Release|Any CPU
	EndGlobalSection
	GlobalSection(SolutionProperties) = preSolution
		HideSolutionNode = FALSE
	EndGlobalSection
EndGlobal
